
Microsoft Visual Studio Solution File, Format Version 12.00
# Visual Studio Version 16
VisualStudioVersion = 16.0.29920.165
MinimumVisualStudioVersion = 10.0.40219.1
Project("{FAE04EC0-301F-11D3-BF4B-00C04F79EFBC}") = "CryptoConsoleApp", "CryptoConsoleApp\CryptoConsoleApp.csproj", "{2E5C2E57-060C-4326-8A24-092A6EB51220}"
EndProject
Project("{FAE04EC0-301F-11D3-BF4B-00C04F79EFBC}") = "EncryptionConsoleApp", "EncryptionConsoleApp\EncryptionConsoleApp.csproj", "{04AB0980-386F-41E0-82CB-AA6EA0640D5B}"
EndProject
Global
	GlobalSection(SolutionConfigurationPlatforms) = preSolution
		Debug|Any CPU = Debug|Any CPU
		Release|Any CPU = Release|Any CPU
	EndGlobalSection
	GlobalSection(ProjectConfigurationPlatforms) = postSolution
		{2E5C2E57-060C-4326-8A24-092A6EB51220}.Debug|Any CPU.ActiveCfg = Debug|Any CPU
		{2E5C2E57-060C-4326-8A24-092A6EB51220}.Debug|Any CPU.Build.0 = Debug|Any CPU
		{2E5C2E57-060C-4326-8A24-092A6EB51220}.Release|Any CPU.ActiveCfg = Release|Any CPU
		{2E5C2E57-060C-4326-8A24-092A6EB51220}.Release|Any CPU.Build.0 = Release|Any CPU
		{04AB0980-386F-41E0-82CB-AA6EA0640D5B}.Debug|Any CPU.ActiveCfg = Debug|Any CPU
		{04AB0980-386F-41E0-82CB-AA6EA0640D5B}.Debug|Any CPU.Build.0 = Debug|Any CPU
		{04AB0980-386F-41E0-82CB-AA6EA0640D5B}.Release|Any CPU.ActiveCfg = Release|Any CPU
		{04AB0980-386F-41E0-82CB-AA6EA0640D5B}.Release|Any CPU.Build.0 = Release|Any CPU
	EndGlobalSection
	GlobalSection(SolutionProperties) = preSolution
		HideSolutionNode = FALSE
	EndGlobalSection
	GlobalSection(ExtensibilityGlobals) = postSolution
		SolutionGuid = {412B85D6-8C8D-4A48-8270-ED86BC8461EF}
	EndGlobalSection
EndGlobal
